// !$*UTF8*$!
{
	archiveVersion = 1;
	classes = {
	};
	objectVersion = 77;
	objects = {

/* Begin PBXBuildFile section */
		06F5373BD0B5FE50EF591D43 /* GameView.swift in Sources */ = {isa = PBXBuildFile; fileRef = 27766964EB880DB9512AB1F8 /* GameView.swift */; };
		544AE1F4A84BFEA46DF0DA2D /* CardView.swift in Sources */ = {isa = PBXBuildFile; fileRef = BCAE017A0A0109648C7D0514 /* CardView.swift */; };
		7D21BFE6AA746976BAB7B955 /* GameView.swift in Sources */ = {isa = PBXBuildFile; fileRef = 27766964EB880DB9512AB1F8 /* GameView.swift */; };
		83846A4AC7176DF60765D6A7 /* GameView.swift in Sources */ = {isa = PBXBuildFile; fileRef = 27766964EB880DB9512AB1F8 /* GameView.swift */; };
		8F8BD5D3983CFD9234110953 /* CardView.swift in Sources */ = {isa = PBXBuildFile; fileRef = BCAE017A0A0109648C7D0514 /* CardView.swift */; };
		94582E73912B4DEA6C22B981 /* GameView.swift in Sources */ = {isa = PBXBuildFile; fileRef = 27766964EB880DB9512AB1F8 /* GameView.swift */; };
		C1D88FBE7DE617E5B3A61BA1 /* TileView.swift in Sources */ = {isa = PBXBuildFile; fileRef = C574DBD837CB911C7DB5D3F0 /* TileView.swift */; };
		C44E0C2DA2E88D75737F21E4 /* CardView.swift in Sources */ = {isa = PBXBuildFile; fileRef = BCAE017A0A0109648C7D0514 /* CardView.swift */; };
		DF4F52090AC4C7B6AB02A248 /* TileView.swift in Sources */ = {isa = PBXBuildFile; fileRef = C574DBD837CB911C7DB5D3F0 /* TileView.swift */; };
/* End PBXBuildFile section */

/* Begin PBXContainerItemProxy section */
		EDC27BAF2D0D343B00D711F7 /* PBXContainerItemProxy */ = {
			isa = PBXContainerItemProxy;
			containerPortal = EDC27B902D0D343A00D711F7 /* Project object */;
			proxyType = 1;
			remoteGlobalIDString = EDC27B972D0D343A00D711F7;
			remoteInfo = 2048;
		};
		EDC27BB92D0D343B00D711F7 /* PBXContainerItemProxy */ = {
			isa = PBXContainerItemProxy;
			containerPortal = EDC27B902D0D343A00D711F7 /* Project object */;
			proxyType = 1;
			remoteGlobalIDString = EDC27B972D0D343A00D711F7;
			remoteInfo = 2048;
		};
/* End PBXContainerItemProxy section */

/* Begin PBXFileReference section */
		27766964EB880DB9512AB1F8 /* GameView.swift */ = {isa = PBXFileReference; explicitFileType = sourcecode.swift; lastKnownFileType = sourcecode.swift; name = GameView.swift; path = 2048/View/GameView.swift; sourceTree = SOURCE_ROOT; };
		BCAE017A0A0109648C7D0514 /* CardView.swift */ = {isa = PBXFileReference; explicitFileType = sourcecode.swift; lastKnownFileType = sourcecode.swift; name = CardView.swift; path = 2048/View/CardView.swift; sourceTree = SOURCE_ROOT; };
		C574DBD837CB911C7DB5D3F0 /* TileView.swift */ = {isa = PBXFileReference; explicitFileType = sourcecode.swift; lastKnownFileType = sourcecode.swift; name = TileView.swift; path = 2048/View/TileView.swift; sourceTree = SOURCE_ROOT; };
		EDC27B982D0D343A00D711F7 /* 2048.app */ = {isa = PBXFileReference; explicitFileType = wrapper.application; includeInIndex = 0; path = 2048.app; sourceTree = BUILT_PRODUCTS_DIR; };
		EDC27BAE2D0D343B00D711F7 /* 2048Tests.xctest */ = {isa = PBXFileReference; explicitFileType = wrapper.cfbundle; includeInIndex = 0; path = 2048Tests.xctest; sourceTree = BUILT_PRODUCTS_DIR; };
		EDC27BB82D0D343B00D711F7 /* 2048UITests.xctest */ = {isa = PBXFileReference; explicitFileType = wrapper.cfbundle; includeInIndex = 0; path = 2048UITests.xctest; sourceTree = BUILT_PRODUCTS_DIR; };
		F0C7BA34696A3DD3ACEE4E6A /* CODEBUDDY.md */ = {isa = PBXFileReference; explicitFileType = net.daringfireball.markdown; lastKnownFileType = net.daringfireball.markdown; name = CODEBUDDY.md; path = CODEBUDDY.md; sourceTree = SOURCE_ROOT; };
/* End PBXFileReference section */

/* Begin PBXFileSystemSynchronizedBuildFileExceptionSet section */
		EDC27BC02D0D343B00D711F7 /* PBXFileSystemSynchronizedBuildFileExceptionSet */ = {
			isa = PBXFileSystemSynchronizedBuildFileExceptionSet;
			membershipExceptions = (
				Info.plist,
			);
			target = EDC27B972D0D343A00D711F7 /* 2048 */;
		};
/* End PBXFileSystemSynchronizedBuildFileExceptionSet section */

/* Begin PBXFileSystemSynchronizedRootGroup section */
		EDC27B9A2D0D343A00D711F7 /* 2048 */ = {
			isa = PBXFileSystemSynchronizedRootGroup;
			exceptions = (
				EDC27BC02D0D343B00D711F7 /* PBXFileSystemSynchronizedBuildFileExceptionSet */,
			);
			path = 2048;
			sourceTree = "<group>";
		};
		EDC27BB12D0D343B00D711F7 /* 2048Tests */ = {
			isa = PBXFileSystemSynchronizedRootGroup;
			path = 2048Tests;
			sourceTree = "<group>";
		};
		EDC27BBB2D0D343B00D711F7 /* 2048UITests */ = {
			isa = PBXFileSystemSynchronizedRootGroup;
			path = 2048UITests;
			sourceTree = "<group>";
		};
/* End PBXFileSystemSynchronizedRootGroup section */

/* Begin PBXFrameworksBuildPhase section */
		EDC27B952D0D343A00D711F7 /* Frameworks */ = {
			isa = PBXFrameworksBuildPhase;
			buildActionMask = 2147483647;
			files = (
			);
			runOnlyForDeploymentPostprocessing = 0;
		};
		EDC27BAB2D0D343B00D711F7 /* Frameworks */ = {
			isa = PBXFrameworksBuildPhase;
			buildActionMask = 2147483647;
			files = (
			);
			runOnlyForDeploymentPostprocessing = 0;
		};
		EDC27BB52D0D343B00D711F7 /* Frameworks */ = {
			isa = PBXFrameworksBuildPhase;
			buildActionMask = 2147483647;
			files = (
			);
			runOnlyForDeploymentPostprocessing = 0;
		};
/* End PBXFrameworksBuildPhase section */

/* Begin PBXGroup section */
		EDC27B8F2D0D343A00D711F7 = {
			isa = PBXGroup;
			children = (
				EDC27B9A2D0D343A00D711F7 /* 2048 */,
				EDC27BB12D0D343B00D711F7 /* 2048Tests */,
				EDC27BBB2D0D343B00D711F7 /* 2048UITests */,
				EDC27B992D0D343A00D711F7 /* Products */,
				F0C7BA34696A3DD3ACEE4E6A /* CODEBUDDY.md */,
				BCAE017A0A0109648C7D0514 /* CardView.swift */,
				C574DBD837CB911C7DB5D3F0 /* TileView.swift */,
				27766964EB880DB9512AB1F8 /* GameView.swift */,
			);
			sourceTree = "<group>";
		};
		EDC27B992D0D343A00D711F7 /* Products */ = {
			isa = PBXGroup;
			children = (
				EDC27B982D0D343A00D711F7 /* 2048.app */,
				EDC27BAE2D0D343B00D711F7 /* 2048Tests.xctest */,
				EDC27BB82D0D343B00D711F7 /* 2048UITests.xctest */,
			);
			name = Products;
			sourceTree = "<group>";
		};
/* End PBXGroup section */

/* Begin PBXNativeTarget section */
		EDC27B972D0D343A00D711F7 /* 2048 */ = {
			isa = PBXNativeTarget;
			buildConfigurationList = EDC27BC12D0D343B00D711F7 /* Build configuration list for PBXNativeTarget "2048" */;
			buildPhases = (
				EDC27B942D0D343A00D711F7 /* Sources */,
				EDC27B952D0D343A00D711F7 /* Frameworks */,
				EDC27B962D0D343A00D711F7 /* Resources */,
			);
			buildRules = (
			);
			dependencies = (
			);
			fileSystemSynchronizedGroups = (
				EDC27B9A2D0D343A00D711F7 /* 2048 */,
			);
			name = 2048;
			packageProductDependencies = (
			);
			productName = 2048;
			productReference = EDC27B982D0D343A00D711F7 /* 2048.app */;
			productType = "com.apple.product-type.application";
		};
		EDC27BAD2D0D343B00D711F7 /* 2048Tests */ = {
			isa = PBXNativeTarget;
			buildConfigurationList = EDC27BC62D0D343B00D711F7 /* Build configuration list for PBXNativeTarget "2048Tests" */;
			buildPhases = (
				EDC27BAA2D0D343B00D711F7 /* Sources */,
				EDC27BAB2D0D343B00D711F7 /* Frameworks */,
				EDC27BAC2D0D343B00D711F7 /* Resources */,
			);
			buildRules = (
			);
			dependencies = (
				EDC27BB02D0D343B00D711F7 /* PBXTargetDependency */,
			);
			fileSystemSynchronizedGroups = (
				EDC27BB12D0D343B00D711F7 /* 2048Tests */,
			);
			name = 2048Tests;
			packageProductDependencies = (
			);
			productName = 2048Tests;
			productReference = EDC27BAE2D0D343B00D711F7 /* 2048Tests.xctest */;
			productType = "com.apple.product-type.bundle.unit-test";
		};
		EDC27BB72D0D343B00D711F7 /* 2048UITests */ = {
			isa = PBXNativeTarget;
			buildConfigurationList = EDC27BC92D0D343B00D711F7 /* Build configuration list for PBXNativeTarget "2048UITests" */;
			buildPhases = (
				EDC27BB42D0D343B00D711F7 /* Sources */,
				EDC27BB52D0D343B00D711F7 /* Frameworks */,
				EDC27BB62D0D343B00D711F7 /* Resources */,
			);
			buildRules = (
			);
			dependencies = (
				EDC27BBA2D0D343B00D711F7 /* PBXTargetDependency */,
			);
			fileSystemSynchronizedGroups = (
				EDC27BBB2D0D343B00D711F7 /* 2048UITests */,
			);
			name = 2048UITests;
			packageProductDependencies = (
			);
			productName = 2048UITests;
			productReference = EDC27BB82D0D343B00D711F7 /* 2048UITests.xctest */;
			productType = "com.apple.product-type.bundle.ui-testing";
		};
/* End PBXNativeTarget section */

/* Begin PBXProject section */
		EDC27B902D0D343A00D711F7 /* Project object */ = {
			isa = PBXProject;
			attributes = {
				BuildIndependentTargetsInParallel = 1;
				LastSwiftUpdateCheck = 1610;
				LastUpgradeCheck = 1610;
				TargetAttributes = {
					EDC27B972D0D343A00D711F7 = {
						CreatedOnToolsVersion = 16.1;
					};
					EDC27BAD2D0D343B00D711F7 = {
						CreatedOnToolsVersion = 16.1;
						TestTargetID = EDC27B972D0D343A00D711F7;
					};
					EDC27BB72D0D343B00D711F7 = {
						CreatedOnToolsVersion = 16.1;
						TestTargetID = EDC27B972D0D343A00D711F7;
					};
				};
			};
			buildConfigurationList = EDC27B932D0D343A00D711F7 /* Build configuration list for PBXProject "2048" */;
			developmentRegion = en;
			hasScannedForEncodings = 0;
			knownRegions = (
				en,
				Base,
			);
			mainGroup = EDC27B8F2D0D343A00D711F7;
			minimizedProjectReferenceProxies = 1;
			preferredProjectObjectVersion = 77;
			productRefGroup = EDC27B992D0D343A00D711F7 /* Products */;
			projectDirPath = "";
			projectRoot = "";
			targets = (
				EDC27B972D0D343A00D711F7 /* 2048 */,
				EDC27BAD2D0D343B00D711F7 /* 2048Tests */,
				EDC27BB72D0D343B00D711F7 /* 2048UITests */,
			);
		};
/* End PBXProject section */

/* Begin PBXResourcesBuildPhase section */
		EDC27B962D0D343A00D711F7 /* Resources */ = {
			isa = PBXResourcesBuildPhase;
			buildActionMask = 2147483647;
			files = (
			);
			runOnlyForDeploymentPostprocessing = 0;
		};
		EDC27BAC2D0D343B00D711F7 /* Resources */ = {
			isa = PBXResourcesBuildPhase;
			buildActionMask = 2147483647;
			files = (
			);
			runOnlyForDeploymentPostprocessing = 0;
		};
		EDC27BB62D0D343B00D711F7 /* Resources */ = {
			isa = PBXResourcesBuildPhase;
			buildActionMask = 2147483647;
			files = (
			);
			runOnlyForDeploymentPostprocessing = 0;
		};
/* End PBXResourcesBuildPhase section */

/* Begin PBXSourcesBuildPhase section */
		EDC27B942D0D343A00D711F7 /* Sources */ = {
			isa = PBXSourcesBuildPhase;
			buildActionMask = 2147483647;
			files = (
				DF4F52090AC4C7B6AB02A248 /* TileView.swift in Sources */,
				8F8BD5D3983CFD9234110953 /* CardView.swift in Sources */,
				83846A4AC7176DF60765D6A7 /* GameView.swift in Sources */,
				06F5373BD0B5FE50EF591D43 /* GameView.swift in Sources */,
			);
			runOnlyForDeploymentPostprocessing = 0;
		};
		EDC27BAA2D0D343B00D711F7 /* Sources */ = {
			isa = PBXSourcesBuildPhase;
			buildActionMask = 2147483647;
			files = (
				C44E0C2DA2E88D75737F21E4 /* CardView.swift in Sources */,
				C1D88FBE7DE617E5B3A61BA1 /* TileView.swift in Sources */,
				544AE1F4A84BFEA46DF0DA2D /* CardView.swift in Sources */,
				94582E73912B4DEA6C22B981 /* GameView.swift in Sources */,
			);
			runOnlyForDeploymentPostprocessing = 0;
		};
		EDC27BB42D0D343B00D711F7 /* Sources */ = {
			isa = PBXSourcesBuildPhase;
			buildActionMask = 2147483647;
			files = (
				7D21BFE6AA746976BAB7B955 /* GameView.swift in Sources */,
			);
			runOnlyForDeploymentPostprocessing = 0;
		};
/* End PBXSourcesBuildPhase section */

/* Begin PBXTargetDependency section */
		EDC27BB02D0D343B00D711F7 /* PBXTargetDependency */ = {
			isa = PBXTargetDependency;
			target = EDC27B972D0D343A00D711F7 /* 2048 */;
			targetProxy = EDC27BAF2D0D343B00D711F7 /* PBXContainerItemProxy */;
		};
		EDC27BBA2D0D343B00D711F7 /* PBXTargetDependency */ = {
			isa = PBXTargetDependency;
			target = EDC27B972D0D343A00D711F7 /* 2048 */;
			targetProxy = EDC27BB92D0D343B00D711F7 /* PBXContainerItemProxy */;
		};
/* End PBXTargetDependency section */

/* Begin XCBuildConfiguration section */
		EDC27BC22D0D343B00D711F7 /* Debug */ = {
			isa = XCBuildConfiguration;
			buildSettings = {
				ASSETCATALOG_COMPILER_APPICON_NAME = AppIcon;
				ASSETCATALOG_COMPILER_GLOBAL_ACCENT_COLOR_NAME = AccentColor;
				CODE_SIGN_STYLE = Automatic;
				CURRENT_PROJECT_VERSION = 1;
				DEVELOPMENT_TEAM = ASYH5TJ26G;
				GENERATE_INFOPLIST_FILE = YES;
				INFOPLIST_FILE = 2048/Info.plist;
				INFOPLIST_KEY_CFBundleDisplayName = 2048;
				INFOPLIST_KEY_UIApplicationSupportsIndirectInputEvents = YES;
				INFOPLIST_KEY_UILaunchStoryboardName = LaunchScreen;
				INFOPLIST_KEY_UIMainStoryboardFile = Main;
				INFOPLIST_KEY_UISupportedInterfaceOrientations_iPad = "UIInterfaceOrientationPortrait UIInterfaceOrientationPortraitUpsideDown UIInterfaceOrientationLandscapeLeft UIInterfaceOrientationLandscapeRight";
				INFOPLIST_KEY_UISupportedInterfaceOrientations_iPhone = "UIInterfaceOrientationPortrait UIInterfaceOrientationLandscapeLeft UIInterfaceOrientationLandscapeRight";
				IPHONEOS_DEPLOYMENT_TARGET = 15.5;
				LD_RUNPATH_SEARCH_PATHS = (
					"$(inherited)",
					"@executable_path/Frameworks",
				);
				MARKETING_VERSION = 1.0;
				PRODUCT_BUNDLE_IDENTIFIER = Dota2.2048;
				PRODUCT_NAME = "$(TARGET_NAME)";
				SWIFT_EMIT_LOC_STRINGS = YES;
				SWIFT_VERSION = 5.0;
				TARGETED_DEVICE_FAMILY = "1,2";
			};
			name = Debug;
		};
		EDC27BC32D0D343B00D711F7 /* Release */ = {
			isa = XCBuildConfiguration;
			buildSettings = {
				ASSETCATALOG_COMPILER_APPICON_NAME = AppIcon;
				ASSETCATALOG_COMPILER_GLOBAL_ACCENT_COLOR_NAME = AccentColor;
				CODE_SIGN_STYLE = Automatic;
				CURRENT_PROJECT_VERSION = 1;
				DEVELOPMENT_TEAM = ASYH5TJ26G;
				GENERATE_INFOPLIST_FILE = YES;
				INFOPLIST_FILE = 2048/Info.plist;
				INFOPLIST_KEY_CFBundleDisplayName = 2048;
				INFOPLIST_KEY_UIApplicationSupportsIndirectInputEvents = YES;
				INFOPLIST_KEY_UILaunchStoryboardName = LaunchScreen;
				INFOPLIST_KEY_UIMainStoryboardFile = Main;
				INFOPLIST_KEY_UISupportedInterfaceOrientations_iPad = "UIInterfaceOrientationPortrait UIInterfaceOrientationPortraitUpsideDown UIInterfaceOrientationLandscapeLeft UIInterfaceOrientationLandscapeRight";
				INFOPLIST_KEY_UISupportedInterfaceOrientations_iPhone = "UIInterfaceOrientationPortrait UIInterfaceOrientationLandscapeLeft UIInterfaceOrientationLandscapeRight";
				IPHONEOS_DEPLOYMENT_TARGET = 15.5;
				LD_RUNPATH_SEARCH_PATHS = (
					"$(inherited)",
					"@executable_path/Frameworks",
				);
				MARKETING_VERSION = 1.0;
				PRODUCT_BUNDLE_IDENTIFIER = Dota2.2048;
				PRODUCT_NAME = "$(TARGET_NAME)";
				SWIFT_EMIT_LOC_STRINGS = YES;
				SWIFT_VERSION = 5.0;
				TARGETED_DEVICE_FAMILY = "1,2";
			};
			name = Release;
		};
		EDC27BC42D0D343B00D711F7 /* Debug */ = {
			isa = XCBuildConfiguration;
			buildSettings = {
				ALWAYS_SEARCH_USER_PATHS = NO;
				ASSETCATALOG_COMPILER_GENERATE_SWIFT_ASSET_SYMBOL_EXTENSIONS = YES;
				CLANG_ANALYZER_NONNULL = YES;
				CLANG_ANALYZER_NUMBER_OBJECT_CONVERSION = YES_AGGRESSIVE;
				CLANG_CXX_LANGUAGE_STANDARD = "gnu++20";
				CLANG_ENABLE_MODULES = YES;
				CLANG_ENABLE_OBJC_ARC = YES;
				CLANG_ENABLE_OBJC_WEAK = YES;
				CLANG_WARN_BLOCK_CAPTURE_AUTORELEASING = YES;
				CLANG_WARN_BOOL_CONVERSION = YES;
				CLANG_WARN_COMMA = YES;
				CLANG_WARN_CONSTANT_CONVERSION = YES;
				CLANG_WARN_DEPRECATED_OBJC_IMPLEMENTATIONS = YES;
				CLANG_WARN_DIRECT_OBJC_ISA_USAGE = YES_ERROR;
				CLANG_WARN_DOCUMENTATION_COMMENTS = YES;
				CLANG_WARN_EMPTY_BODY = YES;
				CLANG_WARN_ENUM_CONVERSION = YES;
				CLANG_WARN_INFINITE_RECURSION = YES;
				CLANG_WARN_INT_CONVERSION = YES;
				CLANG_WARN_NON_LITERAL_NULL_CONVERSION = YES;
				CLANG_WARN_OBJC_IMPLICIT_RETAIN_SELF = YES;
				CLANG_WARN_OBJC_LITERAL_CONVERSION = YES;
				CLANG_WARN_OBJC_ROOT_CLASS = YES_ERROR;
				CLANG_WARN_QUOTED_INCLUDE_IN_FRAMEWORK_HEADER = YES;
				CLANG_WARN_RANGE_LOOP_ANALYSIS = YES;
				CLANG_WARN_STRICT_PROTOTYPES = YES;
				CLANG_WARN_SUSPICIOUS_MOVE = YES;
				CLANG_WARN_UNGUARDED_AVAILABILITY = YES_AGGRESSIVE;
				CLANG_WARN_UNREACHABLE_CODE = YES;
				CLANG_WARN__DUPLICATE_METHOD_MATCH = YES;
				COPY_PHASE_STRIP = NO;
				DEBUG_INFORMATION_FORMAT = dwarf;
				ENABLE_STRICT_OBJC_MSGSEND = YES;
				ENABLE_TESTABILITY = YES;
				ENABLE_USER_SCRIPT_SANDBOXING = YES;
				GCC_C_LANGUAGE_STANDARD = gnu17;
				GCC_DYNAMIC_NO_PIC = NO;
				GCC_NO_COMMON_BLOCKS = YES;
				GCC_OPTIMIZATION_LEVEL = 0;
				GCC_PREPROCESSOR_DEFINITIONS = (
					"DEBUG=1",
					"$(inherited)",
				);
				GCC_WARN_64_TO_32_BIT_CONVERSION = YES;
				GCC_WARN_ABOUT_RETURN_TYPE = YES_ERROR;
				GCC_WARN_UNDECLARED_SELECTOR = YES;
				GCC_WARN_UNINITIALIZED_AUTOS = YES_AGGRESSIVE;
				GCC_WARN_UNUSED_FUNCTION = YES;
				GCC_WARN_UNUSED_VARIABLE = YES;
				IPHONEOS_DEPLOYMENT_TARGET = 18.1;
				LOCALIZATION_PREFERS_STRING_CATALOGS = YES;
				MTL_ENABLE_DEBUG_INFO = INCLUDE_SOURCE;
				MTL_FAST_MATH = YES;
				ONLY_ACTIVE_ARCH = YES;
				SDKROOT = iphoneos;
				SWIFT_ACTIVE_COMPILATION_CONDITIONS = "DEBUG $(inherited)";
				SWIFT_OPTIMIZATION_LEVEL = "-Onone";
			};
			name = Debug;
		};
		EDC27BC52D0D343B00D711F7 /* Release */ = {
			isa = XCBuildConfiguration;
			buildSettings = {
				ALWAYS_SEARCH_USER_PATHS = NO;
				ASSETCATALOG_COMPILER_GENERATE_SWIFT_ASSET_SYMBOL_EXTENSIONS = YES;
				CLANG_ANALYZER_NONNULL = YES;
				CLANG_ANALYZER_NUMBER_OBJECT_CONVERSION = YES_AGGRESSIVE;
				CLANG_CXX_LANGUAGE_STANDARD = "gnu++20";
				CLANG_ENABLE_MODULES = YES;
				CLANG_ENABLE_OBJC_ARC = YES;
				CLANG_ENABLE_OBJC_WEAK = YES;
				CLANG_WARN_BLOCK_CAPTURE_AUTORELEASING = YES;
				CLANG_WARN_BOOL_CONVERSION = YES;
				CLANG_WARN_COMMA = YES;
				CLANG_WARN_CONSTANT_CONVERSION = YES;
				CLANG_WARN_DEPRECATED_OBJC_IMPLEMENTATIONS = YES;
				CLANG_WARN_DIRECT_OBJC_ISA_USAGE = YES_ERROR;
				CLANG_WARN_DOCUMENTATION_COMMENTS = YES;
				CLANG_WARN_EMPTY_BODY = YES;
				CLANG_WARN_ENUM_CONVERSION = YES;
				CLANG_WARN_INFINITE_RECURSION = YES;
				CLANG_WARN_INT_CONVERSION = YES;
				CLANG_WARN_NON_LITERAL_NULL_CONVERSION = YES;
				CLANG_WARN_OBJC_IMPLICIT_RETAIN_SELF = YES;
				CLANG_WARN_OBJC_LITERAL_CONVERSION = YES;
				CLANG_WARN_OBJC_ROOT_CLASS = YES_ERROR;
				CLANG_WARN_QUOTED_INCLUDE_IN_FRAMEWORK_HEADER = YES;
				CLANG_WARN_RANGE_LOOP_ANALYSIS = YES;
				CLANG_WARN_STRICT_PROTOTYPES = YES;
				CLANG_WARN_SUSPICIOUS_MOVE = YES;
				CLANG_WARN_UNGUARDED_AVAILABILITY = YES_AGGRESSIVE;
				CLANG_WARN_UNREACHABLE_CODE = YES;
				CLANG_WARN__DUPLICATE_METHOD_MATCH = YES;
				COPY_PHASE_STRIP = NO;
				DEBUG_INFORMATION_FORMAT = "dwarf-with-dsym";
				ENABLE_NS_ASSERTIONS = NO;
				ENABLE_STRICT_OBJC_MSGSEND = YES;
				ENABLE_USER_SCRIPT_SANDBOXING = YES;
				GCC_C_LANGUAGE_STANDARD = gnu17;
				GCC_NO_COMMON_BLOCKS = YES;
				GCC_WARN_64_TO_32_BIT_CONVERSION = YES;
				GCC_WARN_ABOUT_RETURN_TYPE = YES_ERROR;
				GCC_WARN_UNDECLARED_SELECTOR = YES;
				GCC_WARN_UNINITIALIZED_AUTOS = YES_AGGRESSIVE;
				GCC_WARN_UNUSED_FUNCTION = YES;
				GCC_WARN_UNUSED_VARIABLE = YES;
				IPHONEOS_DEPLOYMENT_TARGET = 18.1;
				LOCALIZATION_PREFERS_STRING_CATALOGS = YES;
				MTL_ENABLE_DEBUG_INFO = NO;
				MTL_FAST_MATH = YES;
				SDKROOT = iphoneos;
				SWIFT_COMPILATION_MODE = wholemodule;
				VALIDATE_PRODUCT = YES;
			};
			name = Release;
		};
		EDC27BC72D0D343B00D711F7 /* Debug */ = {
			isa = XCBuildConfiguration;
			buildSettings = {
				BUNDLE_LOADER = "$(TEST_HOST)";
				CODE_SIGN_STYLE = Automatic;
				CURRENT_PROJECT_VERSION = 1;
				GENERATE_INFOPLIST_FILE = YES;
				IPHONEOS_DEPLOYMENT_TARGET = 18.1;
				MARKETING_VERSION = 1.0;
				PRODUCT_BUNDLE_IDENTIFIER = "Dota2.-048Tests";
				PRODUCT_NAME = "$(TARGET_NAME)";
				SWIFT_EMIT_LOC_STRINGS = NO;
				SWIFT_VERSION = 5.0;
				TARGETED_DEVICE_FAMILY = "1,2";
				TEST_HOST = "$(BUILT_PRODUCTS_DIR)/2048.app/$(BUNDLE_EXECUTABLE_FOLDER_PATH)/2048";
			};
			name = Debug;
		};
		EDC27BC82D0D343B00D711F7 /* Release */ = {
			isa = XCBuildConfiguration;
			buildSettings = {
				BUNDLE_LOADER = "$(TEST_HOST)";
				CODE_SIGN_STYLE = Automatic;
				CURRENT_PROJECT_VERSION = 1;
				GENERATE_INFOPLIST_FILE = YES;
				IPHONEOS_DEPLOYMENT_TARGET = 18.1;
				MARKETING_VERSION = 1.0;
				PRODUCT_BUNDLE_IDENTIFIER = "Dota2.-048Tests";
				PRODUCT_NAME = "$(TARGET_NAME)";
				SWIFT_EMIT_LOC_STRINGS = NO;
				SWIFT_VERSION = 5.0;
				TARGETED_DEVICE_FAMILY = "1,2";
				TEST_HOST = "$(BUILT_PRODUCTS_DIR)/2048.app/$(BUNDLE_EXECUTABLE_FOLDER_PATH)/2048";
			};
			name = Release;
		};
		EDC27BCA2D0D343B00D711F7 /* Debug */ = {
			isa = XCBuildConfiguration;
			buildSettings = {
				CODE_SIGN_STYLE = Automatic;
				CURRENT_PROJECT_VERSION = 1;
				GENERATE_INFOPLIST_FILE = YES;
				MARKETING_VERSION = 1.0;
				PRODUCT_BUNDLE_IDENTIFIER = "Dota2.-048UITests";
				PRODUCT_NAME = "$(TARGET_NAME)";
				SWIFT_EMIT_LOC_STRINGS = NO;
				SWIFT_VERSION = 5.0;
				TARGETED_DEVICE_FAMILY = "1,2";
				TEST_TARGET_NAME = 2048;
			};
			name = Debug;
		};
		EDC27BCB2D0D343B00D711F7 /* Release */ = {
			isa = XCBuildConfiguration;
			buildSettings = {
				CODE_SIGN_STYLE = Automatic;
				CURRENT_PROJECT_VERSION = 1;
				GENERATE_INFOPLIST_FILE = YES;
				MARKETING_VERSION = 1.0;
				PRODUCT_BUNDLE_IDENTIFIER = "Dota2.-048UITests";
				PRODUCT_NAME = "$(TARGET_NAME)";
				SWIFT_EMIT_LOC_STRINGS = NO;
				SWIFT_VERSION = 5.0;
				TARGETED_DEVICE_FAMILY = "1,2";
				TEST_TARGET_NAME = 2048;
			};
			name = Release;
		};
/* End XCBuildConfiguration section */

/* Begin XCConfigurationList section */
		EDC27B932D0D343A00D711F7 /* Build configuration list for PBXProject "2048" */ = {
			isa = XCConfigurationList;
			buildConfigurations = (
				EDC27BC42D0D343B00D711F7 /* Debug */,
				EDC27BC52D0D343B00D711F7 /* Release */,
			);
			defaultConfigurationIsVisible = 0;
			defaultConfigurationName = Release;
		};
		EDC27BC12D0D343B00D711F7 /* Build configuration list for PBXNativeTarget "2048" */ = {
			isa = XCConfigurationList;
			buildConfigurations = (
				EDC27BC22D0D343B00D711F7 /* Debug */,
				EDC27BC32D0D343B00D711F7 /* Release */,
			);
			defaultConfigurationIsVisible = 0;
			defaultConfigurationName = Release;
		};
		EDC27BC62D0D343B00D711F7 /* Build configuration list for PBXNativeTarget "2048Tests" */ = {
			isa = XCConfigurationList;
			buildConfigurations = (
				EDC27BC72D0D343B00D711F7 /* Debug */,
				EDC27BC82D0D343B00D711F7 /* Release */,
			);
			defaultConfigurationIsVisible = 0;
			defaultConfigurationName = Release;
		};
		EDC27BC92D0D343B00D711F7 /* Build configuration list for PBXNativeTarget "2048UITests" */ = {
			isa = XCConfigurationList;
			buildConfigurations = (
				EDC27BCA2D0D343B00D711F7 /* Debug */,
				EDC27BCB2D0D343B00D711F7 /* Release */,
			);
			defaultConfigurationIsVisible = 0;
			defaultConfigurationName = Release;
		};
/* End XCConfigurationList section */
	};
	rootObject = EDC27B902D0D343A00D711F7 /* Project object */;
}
